{
    "content-hash": "693787e81ab96dcf51b927a6af4dfa69",
    "packages": [],
    "packages-dev": [],
    "aliases": [],
    "minimum-stability": "stable",
    "stability-flags": [],
    "prefer-stable": false,
    "prefer-lowest": false,
    "platform": {
        "php": ">=7.0.0 <8.0.0"
    },
    "platform-dev": [],
    "plugin-api-version": "2.1.0"
}
